// !$*UTF8*$!
{
	archiveVersion = 1;
	classes = {
	};
	objectVersion = 46;
	objects = {

/* Begin PBXBuildFile section */
		C22A61ED1F4D7123007D7DA4 /* AppDelegate.swift in Sources */ = {isa = PBXBuildFile; fileRef = C22A61EC1F4D7123007D7DA4 /* AppDelegate.swift */; };
		C22A61EF1F4D7123007D7DA4 /* AddressListViewController.swift in Sources */ = {isa = PBXBuildFile; fileRef = C22A61EE1F4D7123007D7DA4 /* AddressListViewController.swift */; };
		C22A61F21F4D7123007D7DA4 /* Main.storyboard in Resources */ = {isa = PBXBuildFile; fileRef = C22A61F01F4D7123007D7DA4 /* Main.storyboard */; };
		C22A61F41F4D7123007D7DA4 /* Assets.xcassets in Resources */ = {isa = PBXBuildFile; fileRef = C22A61F31F4D7123007D7DA4 /* Assets.xcassets */; };
		C22A61F71F4D7123007D7DA4 /* LaunchScreen.storyboard in Resources */ = {isa = PBXBuildFile; fileRef = C22A61F51F4D7123007D7DA4 /* LaunchScreen.storyboard */; };
		C22B813E1F7147C500B29F5A /* Address.swift in Sources */ = {isa = PBXBuildFile; fileRef = C22B813D1F7147C500B29F5A /* Address.swift */; };
		C22B81401F7147DE00B29F5A /* AddressDetailViewController.swift in Sources */ = {isa = PBXBuildFile; fileRef = C22B813F1F7147DE00B29F5A /* AddressDetailViewController.swift */; };
		C22B81421F7149BC00B29F5A /* AddressList.plist in Resources */ = {isa = PBXBuildFile; fileRef = C22B81411F7149BC00B29F5A /* AddressList.plist */; };
		C22B81441F7151DF00B29F5A /* AddressEditViewController.swift in Sources */ = {isa = PBXBuildFile; fileRef = C22B81431F7151DF00B29F5A /* AddressEditViewController.swift */; };
/* End PBXBuildFile section */

/* Begin PBXFileReference section */
		C22A61E91F4D7123007D7DA4 /* AddressBook.app */ = {isa = PBXFileReference; explicitFileType = wrapper.application; includeInIndex = 0; path = AddressBook.app; sourceTree = BUILT_PRODUCTS_DIR; };
		C22A61EC1F4D7123007D7DA4 /* AppDelegate.swift */ = {isa = PBXFileReference; lastKnownFileType = sourcecode.swift; path = AppDelegate.swift; sourceTree = "<group>"; };
		C22A61EE1F4D7123007D7DA4 /* AddressListViewController.swift */ = {isa = PBXFileReference; lastKnownFileType = sourcecode.swift; path = AddressListViewController.swift; sourceTree = "<group>"; };
		C22A61F11F4D7123007D7DA4 /* Base */ = {isa = PBXFileReference; lastKnownFileType = file.storyboard; name = Base; path = Base.lproj/Main.storyboard; sourceTree = "<group>"; };
		C22A61F31F4D7123007D7DA4 /* Assets.xcassets */ = {isa = PBXFileReference; lastKnownFileType = folder.assetcatalog; path = Assets.xcassets; sourceTree = "<group>"; };
		C22A61F61F4D7123007D7DA4 /* Base */ = {isa = PBXFileReference; lastKnownFileType = file.storyboard; name = Base; path = Base.lproj/LaunchScreen.storyboard; sourceTree = "<group>"; };
		C22A61F81F4D7123007D7DA4 /* Info.plist */ = {isa = PBXFileReference; lastKnownFileType = text.plist.xml; path = Info.plist; sourceTree = "<group>"; };
		C22B813D1F7147C500B29F5A /* Address.swift */ = {isa = PBXFileReference; fileEncoding = 4; lastKnownFileType = sourcecode.swift; path = Address.swift; sourceTree = "<group>"; };
		C22B813F1F7147DE00B29F5A /* AddressDetailViewController.swift */ = {isa = PBXFileReference; fileEncoding = 4; lastKnownFileType = sourcecode.swift; path = AddressDetailViewController.swift; sourceTree = "<group>"; };
		C22B81411F7149BC00B29F5A /* AddressList.plist */ = {isa = PBXFileReference; fileEncoding = 4; lastKnownFileType = text.plist.xml; path = AddressList.plist; sourceTree = "<group>"; };
		C22B81431F7151DF00B29F5A /* AddressEditViewController.swift */ = {isa = PBXFileReference; fileEncoding = 4; lastKnownFileType = sourcecode.swift; path = AddressEditViewController.swift; sourceTree = "<group>"; };
/* End PBXFileReference section */

/* Begin PBXFrameworksBuildPhase section */
		C22A61E61F4D7123007D7DA4 /* Frameworks */ = {
			isa = PBXFrameworksBuildPhase;
			buildActionMask = 2147483647;
			files = (
			);
			runOnlyForDeploymentPostprocessing = 0;
		};
/* End PBXFrameworksBuildPhase section */

/* Begin PBXGroup section */
		C22A61E01F4D7123007D7DA4 = {
			isa = PBXGroup;
			children = (
				C22A61EB1F4D7123007D7DA4 /* AddressBook */,
				C22A61EA1F4D7123007D7DA4 /* Products */,
			);
			sourceTree = "<group>";
		};
		C22A61EA1F4D7123007D7DA4 /* Products */ = {
			isa = PBXGroup;
			children = (
				C22A61E91F4D7123007D7DA4 /* AddressBook.app */,
			);
			name = Products;
			sourceTree = "<group>";
		};
		C22A61EB1F4D7123007D7DA4 /* AddressBook */ = {
			isa = PBXGroup;
			children = (
				C22A61EC1F4D7123007D7DA4 /* AppDelegate.swift */,
				C22B813D1F7147C500B29F5A /* Address.swift */,
				C22A61EE1F4D7123007D7DA4 /* AddressListViewController.swift */,
				C22B813F1F7147DE00B29F5A /* AddressDetailViewController.swift */,
				C22B81431F7151DF00B29F5A /* AddressEditViewController.swift */,
				C22B81411F7149BC00B29F5A /* AddressList.plist */,
				C22A61F01F4D7123007D7DA4 /* Main.storyboard */,
				C22A61F31F4D7123007D7DA4 /* Assets.xcassets */,
				C22A61F51F4D7123007D7DA4 /* LaunchScreen.storyboard */,
				C22A61F81F4D7123007D7DA4 /* Info.plist */,
			);
			path = AddressBook;
			sourceTree = "<group>";
		};
/* End PBXGroup section */

/* Begin PBXNativeTarget section */
		C22A61E81F4D7123007D7DA4 /* AddressBook */ = {
			isa = PBXNativeTarget;
			buildConfigurationList = C22A61FB1F4D7123007D7DA4 /* Build configuration list for PBXNativeTarget "AddressBook" */;
			buildPhases = (
				C22A61E51F4D7123007D7DA4 /* Sources */,
				C22A61E61F4D7123007D7DA4 /* Frameworks */,
				C22A61E71F4D7123007D7DA4 /* Resources */,
			);
			buildRules = (
			);
			dependencies = (
			);
			name = AddressBook;
			productName = AddressBook;
			productReference = C22A61E91F4D7123007D7DA4 /* AddressBook.app */;
			productType = "com.apple.product-type.application";
		};
/* End PBXNativeTarget section */

/* Begin PBXProject section */
		C22A61E11F4D7123007D7DA4 /* Project object */ = {
			isa = PBXProject;
			attributes = {
				LastSwiftUpdateCheck = 0830;
				LastUpgradeCheck = 0830;
				ORGANIZATIONNAME = "Makoto Shirai";
				TargetAttributes = {
					C22A61E81F4D7123007D7DA4 = {
						CreatedOnToolsVersion = 8.3.3;
						ProvisioningStyle = Automatic;
					};
				};
			};
			buildConfigurationList = C22A61E41F4D7123007D7DA4 /* Build configuration list for PBXProject "AddressBook" */;
			compatibilityVersion = "Xcode 3.2";
			developmentRegion = English;
			hasScannedForEncodings = 0;
			knownRegions = (
				en,
				Base,
			);
			mainGroup = C22A61E01F4D7123007D7DA4;
			productRefGroup = C22A61EA1F4D7123007D7DA4 /* Products */;
			projectDirPath = "";
			projectRoot = "";
			targets = (
				C22A61E81F4D7123007D7DA4 /* AddressBook */,
			);
		};
/* End PBXProject section */

/* Begin PBXResourcesBuildPhase section */
		C22A61E71F4D7123007D7DA4 /* Resources */ = {
			isa = PBXResourcesBuildPhase;
			buildActionMask = 2147483647;
			files = (
				C22A61F71F4D7123007D7DA4 /* LaunchScreen.storyboard in Resources */,
				C22B81421F7149BC00B29F5A /* AddressList.plist in Resources */,
				C22A61F41F4D7123007D7DA4 /* Assets.xcassets in Resources */,
				C22A61F21F4D7123007D7DA4 /* Main.storyboard in Resources */,
			);
			runOnlyForDeploymentPostprocessing = 0;
		};
/* End PBXResourcesBuildPhase section */

/* Begin PBXSourcesBuildPhase section */
		C22A61E51F4D7123007D7DA4 /* Sources */ = {
			isa = PBXSourcesBuildPhase;
			buildActionMask = 2147483647;
			files = (
				C22B81401F7147DE00B29F5A /* AddressDetailViewController.swift in Sources */,
				C22B813E1F7147C500B29F5A /* Address.swift in Sources */,
				C22A61EF1F4D7123007D7DA4 /* AddressListViewController.swift in Sources */,
				C22B81441F7151DF00B29F5A /* AddressEditViewController.swift in Sources */,
				C22A61ED1F4D7123007D7DA4 /* AppDelegate.swift in Sources */,
			);
			runOnlyForDeploymentPostprocessing = 0;
		};
/* End PBXSourcesBuildPhase section */

/* Begin PBXVariantGroup section */
		C22A61F01F4D7123007D7DA4 /* Main.storyboard */ = {
			isa = PBXVariantGroup;
			children = (
				C22A61F11F4D7123007D7DA4 /* Base */,
			);
			name = Main.storyboard;
			sourceTree = "<group>";
		};
		C22A61F51F4D7123007D7DA4 /* LaunchScreen.storyboard */ = {
			isa = PBXVariantGroup;
			children = (
				C22A61F61F4D7123007D7DA4 /* Base */,
			);
			name = LaunchScreen.storyboard;
			sourceTree = "<group>";
		};
/* End PBXVariantGroup section */

/* Begin XCBuildConfiguration section */
		C22A61F91F4D7123007D7DA4 /* Debug */ = {
			isa = XCBuildConfiguration;
			buildSettings = {
				ALWAYS_SEARCH_USER_PATHS = NO;
				CLANG_ANALYZER_NONNULL = YES;
				CLANG_ANALYZER_NUMBER_OBJECT_CONVERSION = YES_AGGRESSIVE;
				CLANG_CXX_LANGUAGE_STANDARD = "gnu++0x";
				CLANG_CXX_LIBRARY = "libc++";
				CLANG_ENABLE_MODULES = YES;
				CLANG_ENABLE_OBJC_ARC = YES;
				CLANG_WARN_BOOL_CONVERSION = YES;
				CLANG_WARN_CONSTANT_CONVERSION = YES;
				CLANG_WARN_DIRECT_OBJC_ISA_USAGE = YES_ERROR;
				CLANG_WARN_DOCUMENTATION_COMMENTS = YES;
				CLANG_WARN_EMPTY_BODY = YES;
				CLANG_WARN_ENUM_CONVERSION = YES;
				CLANG_WARN_INFINITE_RECURSION = YES;
				CLANG_WARN_INT_CONVERSION = YES;
				CLANG_WARN_OBJC_ROOT_CLASS = YES_ERROR;
				CLANG_WARN_SUSPICIOUS_MOVE = YES;
				CLANG_WARN_UNREACHABLE_CODE = YES;
				CLANG_WARN__DUPLICATE_METHOD_MATCH = YES;
				"CODE_SIGN_IDENTITY[sdk=iphoneos*]" = "iPhone Developer";
				COPY_PHASE_STRIP = NO;
				DEBUG_INFORMATION_FORMAT = dwarf;
				ENABLE_STRICT_OBJC_MSGSEND = YES;
				ENABLE_TESTABILITY = YES;
				GCC_C_LANGUAGE_STANDARD = gnu99;
				GCC_DYNAMIC_NO_PIC = NO;
				GCC_NO_COMMON_BLOCKS = YES;
				GCC_OPTIMIZATION_LEVEL = 0;
				GCC_PREPROCESSOR_DEFINITIONS = (
					"DEBUG=1",
					"$(inherited)",
				);
				GCC_WARN_64_TO_32_BIT_CONVERSION = YES;
				GCC_WARN_ABOUT_RETURN_TYPE = YES_ERROR;
				GCC_WARN_UNDECLARED_SELECTOR = YES;
				GCC_WARN_UNINITIALIZED_AUTOS = YES_AGGRESSIVE;
				GCC_WARN_UNUSED_FUNCTION = YES;
				GCC_WARN_UNUSED_VARIABLE = YES;
				IPHONEOS_DEPLOYMENT_TARGET = 10.3;
				MTL_ENABLE_DEBUG_INFO = YES;
				ONLY_ACTIVE_ARCH = YES;
				SDKROOT = iphoneos;
				SWIFT_ACTIVE_COMPILATION_CONDITIONS = DEBUG;
				SWIFT_OPTIMIZATION_LEVEL = "-Onone";
				TARGETED_DEVICE_FAMILY = "1,2";
			};
			name = Debug;
		};
		C22A61FA1F4D7123007D7DA4 /* Release */ = {
			isa = XCBuildConfiguration;
			buildSettings = {
				ALWAYS_SEARCH_USER_PATHS = NO;
				CLANG_ANALYZER_NONNULL = YES;
				CLANG_ANALYZER_NUMBER_OBJECT_CONVERSION = YES_AGGRESSIVE;
				CLANG_CXX_LANGUAGE_STANDARD = "gnu++0x";
				CLANG_CXX_LIBRARY = "libc++";
				CLANG_ENABLE_MODULES = YES;
				CLANG_ENABLE_OBJC_ARC = YES;
				CLANG_WARN_BOOL_CONVERSION = YES;
				CLANG_WARN_CONSTANT_CONVERSION = YES;
				CLANG_WARN_DIRECT_OBJC_ISA_USAGE = YES_ERROR;
				CLANG_WARN_DOCUMENTATION_COMMENTS = YES;
				CLANG_WARN_EMPTY_BODY = YES;
				CLANG_WARN_ENUM_CONVERSION = YES;
				CLANG_WARN_INFINITE_RECURSION = YES;
				CLANG_WARN_INT_CONVERSION = YES;
				CLANG_WARN_OBJC_ROOT_CLASS = YES_ERROR;
				CLANG_WARN_SUSPICIOUS_MOVE = YES;
				CLANG_WARN_UNREACHABLE_CODE = YES;
				CLANG_WARN__DUPLICATE_METHOD_MATCH = YES;
				"CODE_SIGN_IDENTITY[sdk=iphoneos*]" = "iPhone Developer";
				COPY_PHASE_STRIP = NO;
				DEBUG_INFORMATION_FORMAT = "dwarf-with-dsym";
				ENABLE_NS_ASSERTIONS = NO;
				ENABLE_STRICT_OBJC_MSGSEND = YES;
				GCC_C_LANGUAGE_STANDARD = gnu99;
				GCC_NO_COMMON_BLOCKS = YES;
				GCC_WARN_64_TO_32_BIT_CONVERSION = YES;
				GCC_WARN_ABOUT_RETURN_TYPE = YES_ERROR;
				GCC_WARN_UNDECLARED_SELECTOR = YES;
				GCC_WARN_UNINITIALIZED_AUTOS = YES_AGGRESSIVE;
				GCC_WARN_UNUSED_FUNCTION = YES;
				GCC_WARN_UNUSED_VARIABLE = YES;
				IPHONEOS_DEPLOYMENT_TARGET = 10.3;
				MTL_ENABLE_DEBUG_INFO = NO;
				SDKROOT = iphoneos;
				SWIFT_OPTIMIZATION_LEVEL = "-Owholemodule";
				TARGETED_DEVICE_FAMILY = "1,2";
				VALIDATE_PRODUCT = YES;
			};
			name = Release;
		};
		C22A61FC1F4D7123007D7DA4 /* Debug */ = {
			isa = XCBuildConfiguration;
			buildSettings = {
				ASSETCATALOG_COMPILER_APPICON_NAME = AppIcon;
				INFOPLIST_FILE = AddressBook/Info.plist;
				LD_RUNPATH_SEARCH_PATHS = "$(inherited) @executable_path/Frameworks";
				PRODUCT_BUNDLE_IDENTIFIER = makoto.shirai.AddressBook;
				PRODUCT_NAME = "$(TARGET_NAME)";
				SWIFT_VERSION = 3.0;
			};
			name = Debug;
		};
		C22A61FD1F4D7123007D7DA4 /* Release */ = {
			isa = XCBuildConfiguration;
			buildSettings = {
				ASSETCATALOG_COMPILER_APPICON_NAME = AppIcon;
				INFOPLIST_FILE = AddressBook/Info.plist;
				LD_RUNPATH_SEARCH_PATHS = "$(inherited) @executable_path/Frameworks";
				PRODUCT_BUNDLE_IDENTIFIER = makoto.shirai.AddressBook;
				PRODUCT_NAME = "$(TARGET_NAME)";
				SWIFT_VERSION = 3.0;
			};
			name = Release;
		};
/* End XCBuildConfiguration section */

/* Begin XCConfigurationList section */
		C22A61E41F4D7123007D7DA4 /* Build configuration list for PBXProject "AddressBook" */ = {
			isa = XCConfigurationList;
			buildConfigurations = (
				C22A61F91F4D7123007D7DA4 /* Debug */,
				C22A61FA1F4D7123007D7DA4 /* Release */,
			);
			defaultConfigurationIsVisible = 0;
			defaultConfigurationName = Release;
		};
		C22A61FB1F4D7123007D7DA4 /* Build configuration list for PBXNativeTarget "AddressBook" */ = {
			isa = XCConfigurationList;
			buildConfigurations = (
				C22A61FC1F4D7123007D7DA4 /* Debug */,
				C22A61FD1F4D7123007D7DA4 /* Release */,
			);
			defaultConfigurationIsVisible = 0;
			defaultConfigurationName = Release;
		};
/* End XCConfigurationList section */
	};
	rootObject = C22A61E11F4D7123007D7DA4 /* Project object */;
}
